
Microsoft Visual Studio Solution File, Format Version 12.00
# Visual Studio Version 17
VisualStudioVersion = 17.5.2.0
MinimumVisualStudioVersion = 10.0.40219.1
Project("{FAE04EC0-301F-11D3-BF4B-00C04F79EFBC}") = "MinskNavigationBot", "MinskNavigationBot.csproj", "{2034458F-CFE1-C6E3-EDCB-C89A82217058}"
EndProject
Global
	GlobalSection(SolutionConfigurationPlatforms) = preSolution
		Debug|Any CPU = Debug|Any CPU
		Release|Any CPU = Release|Any CPU
	EndGlobalSection
	GlobalSection(ProjectConfigurationPlatforms) = postSolution
		{2034458F-CFE1-C6E3-EDCB-C89A82217058}.Debug|Any CPU.ActiveCfg = Debug|Any CPU
		{2034458F-CFE1-C6E3-EDCB-C89A82217058}.Debug|Any CPU.Build.0 = Debug|Any CPU
		{2034458F-CFE1-C6E3-EDCB-C89A82217058}.Release|Any CPU.ActiveCfg = Release|Any CPU
		{2034458F-CFE1-C6E3-EDCB-C89A82217058}.Release|Any CPU.Build.0 = Release|Any CPU
	EndGlobalSection
	GlobalSection(SolutionProperties) = preSolution
		HideSolutionNode = FALSE
	EndGlobalSection
	GlobalSection(ExtensibilityGlobals) = postSolution
		SolutionGuid = {856F184F-4804-4A0C-AF03-9520427A6077}
	EndGlobalSection
EndGlobal
